
Microsoft Visual Studio Solution File, Format Version 12.00
# Visual Studio Version 16
VisualStudioVersion = 16.0.29306.81
MinimumVisualStudioVersion = 10.0.40219.1
Project("{FAE04EC0-301F-11D3-BF4B-00C04F79EFBC}") = "WebApi_Host", "WebApi_Host.csproj", "{3705CA4B-E9F5-49C0-B534-D5DF70EE202C}"
EndProject
Global
	GlobalSection(SolutionConfigurationPlatforms) = preSolution
		Debug|Any CPU = Debug|Any CPU
		Release|Any CPU = Release|Any CPU
	EndGlobalSection
	GlobalSection(ProjectConfigurationPlatforms) = postSolution
		{3705CA4B-E9F5-49C0-B534-D5DF70EE202C}.Debug|Any CPU.ActiveCfg = Debug|Any CPU
		{3705CA4B-E9F5-49C0-B534-D5DF70EE202C}.Debug|Any CPU.Build.0 = Debug|Any CPU
		{3705CA4B-E9F5-49C0-B534-D5DF70EE202C}.Release|Any CPU.ActiveCfg = Release|Any CPU
		{3705CA4B-E9F5-49C0-B534-D5DF70EE202C}.Release|Any CPU.Build.0 = Release|Any CPU
	EndGlobalSection
	GlobalSection(SolutionProperties) = preSolution
		HideSolutionNode = FALSE
	EndGlobalSection
	GlobalSection(ExtensibilityGlobals) = postSolution
		SolutionGuid = {4800017C-08A6-4758-805D-7AC3498F9B81}
	EndGlobalSection
EndGlobal
